
Microsoft Visual Studio Solution File, Format Version 12.00
# Visual Studio Version 16
VisualStudioVersion = 16.0.30406.217
MinimumVisualStudioVersion = 10.0.40219.1
Project("{FAE04EC0-301F-11D3-BF4B-00C04F79EFBC}") = "DevCruxAssignment.Android", "DevCruxAssignment\DevCruxAssignment.Android\DevCruxAssignment.Android.csproj", "{99F96952-9AF6-4A9B-9504-7FDFCD896209}"
EndProject
Project("{FAE04EC0-301F-11D3-BF4B-00C04F79EFBC}") = "DevCruxAssignment.iOS", "DevCruxAssignment\DevCruxAssignment.iOS\DevCruxAssignment.iOS.csproj", "{98110790-D7A2-495D-8AC5-33E98C7BACDD}"
EndProject
Project("{FAE04EC0-301F-11D3-BF4B-00C04F79EFBC}") = "DevCruxAssignment", "DevCruxAssignment\DevCruxAssignment\DevCruxAssignment.csproj", "{030A0A50-4A3B-4B9C-85B6-2D8571F5048D}"
EndProject
Global
	GlobalSection(SolutionConfigurationPlatforms) = preSolution
		Debug|Any CPU = Debug|Any CPU
		Debug|iPhone = Debug|iPhone
		Debug|iPhoneSimulator = Debug|iPhoneSimulator
		Release|Any CPU = Release|Any CPU
		Release|iPhone = Release|iPhone
		Release|iPhoneSimulator = Release|iPhoneSimulator
	EndGlobalSection
	GlobalSection(ProjectConfigurationPlatforms) = postSolution
		{99F96952-9AF6-4A9B-9504-7FDFCD896209}.Debug|Any CPU.ActiveCfg = Debug|Any CPU
		{99F96952-9AF6-4A9B-9504-7FDFCD896209}.Debug|Any CPU.Build.0 = Debug|Any CPU
		{99F96952-9AF6-4A9B-9504-7FDFCD896209}.Debug|Any CPU.Deploy.0 = Debug|Any CPU
		{99F96952-9AF6-4A9B-9504-7FDFCD896209}.Debug|iPhone.ActiveCfg = Debug|Any CPU
		{99F96952-9AF6-4A9B-9504-7FDFCD896209}.Debug|iPhone.Build.0 = Debug|Any CPU
		{99F96952-9AF6-4A9B-9504-7FDFCD896209}.Debug|iPhone.Deploy.0 = Debug|Any CPU
		{99F96952-9AF6-4A9B-9504-7FDFCD896209}.Debug|iPhoneSimulator.ActiveCfg = Debug|Any CPU
		{99F96952-9AF6-4A9B-9504-7FDFCD896209}.Debug|iPhoneSimulator.Build.0 = Debug|Any CPU
		{99F96952-9AF6-4A9B-9504-7FDFCD896209}.Debug|iPhoneSimulator.Deploy.0 = Debug|Any CPU
		{99F96952-9AF6-4A9B-9504-7FDFCD896209}.Release|Any CPU.ActiveCfg = Release|Any CPU
		{99F96952-9AF6-4A9B-9504-7FDFCD896209}.Release|Any CPU.Build.0 = Release|Any CPU
		{99F96952-9AF6-4A9B-9504-7FDFCD896209}.Release|Any CPU.Deploy.0 = Release|Any CPU
		{99F96952-9AF6-4A9B-9504-7FDFCD896209}.Release|iPhone.ActiveCfg = Release|Any CPU
		{99F96952-9AF6-4A9B-9504-7FDFCD896209}.Release|iPhone.Build.0 = Release|Any CPU
		{99F96952-9AF6-4A9B-9504-7FDFCD896209}.Release|iPhone.Deploy.0 = Release|Any CPU
		{99F96952-9AF6-4A9B-9504-7FDFCD896209}.Release|iPhoneSimulator.ActiveCfg = Release|Any CPU
		{99F96952-9AF6-4A9B-9504-7FDFCD896209}.Release|iPhoneSimulator.Build.0 = Release|Any CPU
		{99F96952-9AF6-4A9B-9504-7FDFCD896209}.Release|iPhoneSimulator.Deploy.0 = Release|Any CPU
		{98110790-D7A2-495D-8AC5-33E98C7BACDD}.Debug|Any CPU.ActiveCfg = Debug|iPhone
		{98110790-D7A2-495D-8AC5-33E98C7BACDD}.Debug|Any CPU.Build.0 = Debug|iPhone
		{98110790-D7A2-495D-8AC5-33E98C7BACDD}.Debug|Any CPU.Deploy.0 = Debug|iPhone
		{98110790-D7A2-495D-8AC5-33E98C7BACDD}.Debug|iPhone.ActiveCfg = Debug|iPhone
		{98110790-D7A2-495D-8AC5-33E98C7BACDD}.Debug|iPhone.Build.0 = Debug|iPhone
		{98110790-D7A2-495D-8AC5-33E98C7BACDD}.Debug|iPhone.Deploy.0 = Debug|iPhone
		{98110790-D7A2-495D-8AC5-33E98C7BACDD}.Debug|iPhoneSimulator.ActiveCfg = Debug|iPhoneSimulator
		{98110790-D7A2-495D-8AC5-33E98C7BACDD}.Debug|iPhoneSimulator.Build.0 = Debug|iPhoneSimulator
		{98110790-D7A2-495D-8AC5-33E98C7BACDD}.Debug|iPhoneSimulator.Deploy.0 = Debug|iPhoneSimulator
		{98110790-D7A2-495D-8AC5-33E98C7BACDD}.Release|Any CPU.ActiveCfg = Release|iPhone
		{98110790-D7A2-495D-8AC5-33E98C7BACDD}.Release|Any CPU.Build.0 = Release|iPhone
		{98110790-D7A2-495D-8AC5-33E98C7BACDD}.Release|Any CPU.Deploy.0 = Release|iPhone
		{98110790-D7A2-495D-8AC5-33E98C7BACDD}.Release|iPhone.ActiveCfg = Release|iPhone
		{98110790-D7A2-495D-8AC5-33E98C7BACDD}.Release|iPhone.Build.0 = Release|iPhone
		{98110790-D7A2-495D-8AC5-33E98C7BACDD}.Release|iPhone.Deploy.0 = Release|iPhone
		{98110790-D7A2-495D-8AC5-33E98C7BACDD}.Release|iPhoneSimulator.ActiveCfg = Release|iPhoneSimulator
		{98110790-D7A2-495D-8AC5-33E98C7BACDD}.Release|iPhoneSimulator.Build.0 = Release|iPhoneSimulator
		{98110790-D7A2-495D-8AC5-33E98C7BACDD}.Release|iPhoneSimulator.Deploy.0 = Release|iPhoneSimulator
		{030A0A50-4A3B-4B9C-85B6-2D8571F5048D}.Debug|Any CPU.ActiveCfg = Debug|Any CPU
		{030A0A50-4A3B-4B9C-85B6-2D8571F5048D}.Debug|Any CPU.Build.0 = Debug|Any CPU
		{030A0A50-4A3B-4B9C-85B6-2D8571F5048D}.Debug|Any CPU.Deploy.0 = Debug|Any CPU
		{030A0A50-4A3B-4B9C-85B6-2D8571F5048D}.Debug|iPhone.ActiveCfg = Debug|Any CPU
		{030A0A50-4A3B-4B9C-85B6-2D8571F5048D}.Debug|iPhone.Build.0 = Debug|Any CPU
		{030A0A50-4A3B-4B9C-85B6-2D8571F5048D}.Debug|iPhone.Deploy.0 = Debug|Any CPU
		{030A0A50-4A3B-4B9C-85B6-2D8571F5048D}.Debug|iPhoneSimulator.ActiveCfg = Debug|Any CPU
		{030A0A50-4A3B-4B9C-85B6-2D8571F5048D}.Debug|iPhoneSimulator.Build.0 = Debug|Any CPU
		{030A0A50-4A3B-4B9C-85B6-2D8571F5048D}.Debug|iPhoneSimulator.Deploy.0 = Debug|Any CPU
		{030A0A50-4A3B-4B9C-85B6-2D8571F5048D}.Release|Any CPU.ActiveCfg = Release|Any CPU
		{030A0A50-4A3B-4B9C-85B6-2D8571F5048D}.Release|Any CPU.Build.0 = Release|Any CPU
		{030A0A50-4A3B-4B9C-85B6-2D8571F5048D}.Release|Any CPU.Deploy.0 = Release|Any CPU
		{030A0A50-4A3B-4B9C-85B6-2D8571F5048D}.Release|iPhone.ActiveCfg = Release|Any CPU
		{030A0A50-4A3B-4B9C-85B6-2D8571F5048D}.Release|iPhone.Build.0 = Release|Any CPU
		{030A0A50-4A3B-4B9C-85B6-2D8571F5048D}.Release|iPhone.Deploy.0 = Release|Any CPU
		{030A0A50-4A3B-4B9C-85B6-2D8571F5048D}.Release|iPhoneSimulator.ActiveCfg = Release|Any CPU
		{030A0A50-4A3B-4B9C-85B6-2D8571F5048D}.Release|iPhoneSimulator.Build.0 = Release|Any CPU
		{030A0A50-4A3B-4B9C-85B6-2D8571F5048D}.Release|iPhoneSimulator.Deploy.0 = Release|Any CPU
	EndGlobalSection
	GlobalSection(SolutionProperties) = preSolution
		HideSolutionNode = FALSE
	EndGlobalSection
	GlobalSection(ExtensibilityGlobals) = postSolution
		SolutionGuid = {D4946174-AF35-4068-81C0-D447531A9029}
	EndGlobalSection
EndGlobal
